
Microsoft Visual Studio Solution File, Format Version 12.00
# Visual Studio Version 16
VisualStudioVersion = 16.0.29411.108
MinimumVisualStudioVersion = 10.0.40219.1
Project("{FAE04EC0-301F-11D3-BF4B-00C04F79EFBC}") = "MineSweeper3", "MineSweeper3\MineSweeper3.csproj", "{3E1A354D-F51A-4E8B-83B3-37B85FDE07A0}"
EndProject
Global
	GlobalSection(SolutionConfigurationPlatforms) = preSolution
		Debug|Any CPU = Debug|Any CPU
		Release|Any CPU = Release|Any CPU
	EndGlobalSection
	GlobalSection(ProjectConfigurationPlatforms) = postSolution
		{3E1A354D-F51A-4E8B-83B3-37B85FDE07A0}.Debug|Any CPU.ActiveCfg = Debug|Any CPU
		{3E1A354D-F51A-4E8B-83B3-37B85FDE07A0}.Debug|Any CPU.Build.0 = Debug|Any CPU
		{3E1A354D-F51A-4E8B-83B3-37B85FDE07A0}.Release|Any CPU.ActiveCfg = Release|Any CPU
		{3E1A354D-F51A-4E8B-83B3-37B85FDE07A0}.Release|Any CPU.Build.0 = Release|Any CPU
	EndGlobalSection
	GlobalSection(SolutionProperties) = preSolution
		HideSolutionNode = FALSE
	EndGlobalSection
	GlobalSection(ExtensibilityGlobals) = postSolution
		SolutionGuid = {7B43CA6D-FD65-4BEE-902E-F2EBF7DE1B89}
	EndGlobalSection
EndGlobal
